
Microsoft Visual Studio Solution File, Format Version 12.00
# Visual Studio Version 16
VisualStudioVersion = 16.0.30503.244
MinimumVisualStudioVersion = 10.0.40219.1
Project("{8BC9CEB8-8B4A-11D0-8D11-00A0C91BC942}") = "Brick Eater", "Brick Eater\Brick Eater.vcxproj", "{9B60EEC2-08E8-4856-9D40-B79FC0E8E54B}"
EndProject
Global
	GlobalSection(SolutionConfigurationPlatforms) = preSolution
		Debug|x64 = Debug|x64
		Debug|x86 = Debug|x86
		Release|x64 = Release|x64
		Release|x86 = Release|x86
	EndGlobalSection
	GlobalSection(ProjectConfigurationPlatforms) = postSolution
		{9B60EEC2-08E8-4856-9D40-B79FC0E8E54B}.Debug|x64.ActiveCfg = Debug|x64
		{9B60EEC2-08E8-4856-9D40-B79FC0E8E54B}.Debug|x64.Build.0 = Debug|x64
		{9B60EEC2-08E8-4856-9D40-B79FC0E8E54B}.Debug|x86.ActiveCfg = Debug|Win32
		{9B60EEC2-08E8-4856-9D40-B79FC0E8E54B}.Debug|x86.Build.0 = Debug|Win32
		{9B60EEC2-08E8-4856-9D40-B79FC0E8E54B}.Release|x64.ActiveCfg = Release|x64
		{9B60EEC2-08E8-4856-9D40-B79FC0E8E54B}.Release|x64.Build.0 = Release|x64
		{9B60EEC2-08E8-4856-9D40-B79FC0E8E54B}.Release|x86.ActiveCfg = Release|Win32
		{9B60EEC2-08E8-4856-9D40-B79FC0E8E54B}.Release|x86.Build.0 = Release|Win32
	EndGlobalSection
	GlobalSection(SolutionProperties) = preSolution
		HideSolutionNode = FALSE
	EndGlobalSection
	GlobalSection(ExtensibilityGlobals) = postSolution
		SolutionGuid = {45F57F68-1B8F-444D-A4F9-AB9D7F0D614E}
	EndGlobalSection
EndGlobal
